
Microsoft Visual Studio Solution File, Format Version 12.00
# Visual Studio Version 17
VisualStudioVersion = 17.4.33110.190
MinimumVisualStudioVersion = 10.0.40219.1
Project("{FAE04EC0-301F-11D3-BF4B-00C04F79EFBC}") = "WpfApp13", "WpfApp13.csproj", "{FDFEF67C-9100-47A0-9D99-2969A88567D3}"
EndProject
Project("{FAE04EC0-301F-11D3-BF4B-00C04F79EFBC}") = "Libmas", "D:\Колледж\Рпм\Работы 3 курс\Libmas\Libmas.csproj", "{7CE99CC5-83DF-46E7-8FE5-0EF3D432F558}"
EndProject
Global
	GlobalSection(SolutionConfigurationPlatforms) = preSolution
		Debug|Any CPU = Debug|Any CPU
		Release|Any CPU = Release|Any CPU
	EndGlobalSection
	GlobalSection(ProjectConfigurationPlatforms) = postSolution
		{FDFEF67C-9100-47A0-9D99-2969A88567D3}.Debug|Any CPU.ActiveCfg = Debug|Any CPU
		{FDFEF67C-9100-47A0-9D99-2969A88567D3}.Debug|Any CPU.Build.0 = Debug|Any CPU
		{FDFEF67C-9100-47A0-9D99-2969A88567D3}.Release|Any CPU.ActiveCfg = Release|Any CPU
		{FDFEF67C-9100-47A0-9D99-2969A88567D3}.Release|Any CPU.Build.0 = Release|Any CPU
		{7CE99CC5-83DF-46E7-8FE5-0EF3D432F558}.Debug|Any CPU.ActiveCfg = Debug|Any CPU
		{7CE99CC5-83DF-46E7-8FE5-0EF3D432F558}.Debug|Any CPU.Build.0 = Debug|Any CPU
		{7CE99CC5-83DF-46E7-8FE5-0EF3D432F558}.Release|Any CPU.ActiveCfg = Release|Any CPU
		{7CE99CC5-83DF-46E7-8FE5-0EF3D432F558}.Release|Any CPU.Build.0 = Release|Any CPU
	EndGlobalSection
	GlobalSection(SolutionProperties) = preSolution
		HideSolutionNode = FALSE
	EndGlobalSection
	GlobalSection(ExtensibilityGlobals) = postSolution
		SolutionGuid = {78779D17-165F-4A96-B4F7-89C8485C7D07}
	EndGlobalSection
EndGlobal
